train:
  cmd: python train.py
  deps:
  - path: mymodel.py
    md5: c2bdd289b204555b3c7c263464a9e15e
    size: 287
  - path: train.py
    md5: ba082ed7ed3a4d1b04708dc359aeb854
    size: 2438
  - path: users.csv
    md5: fadc70dff966edd21b3dd2b0c2755189
    size: 45
  params:
    params.yaml:
      dropout: 0.124
      dvc_logs_dir: dvc_logs
      epochs: 5
      learning_rate: 2.1e-07
      log_file: logs.csv
  outs:
  - path: logs
    md5: ac564c3a4db8bc3066740b5689a5c9b0.dir
    size: 76363
    nfiles: 8
  - path: logs.csv
    md5: a61ddb3a1691ecfd8a178acbb3443b85
    size: 436
  - path: model.h5
    md5: 9f949a78664c8e29613e54ee1963b193
    size: 4912080
  - path: summary.json
    md5: fb831f2457ee07e33755b3b7d99beafd
    size: 128
