train:
  cmd: python train.py
  deps:
  - path: mymodel.py
    md5: c2bdd289b204555b3c7c263464a9e15e
  - path: train.py
    md5: ba082ed7ed3a4d1b04708dc359aeb854
  - path: users.csv
    md5: fadc70dff966edd21b3dd2b0c2755189
  params:
    params.yaml:
      dropout: 0.124
      dvc_logs_dir: dvc_logs
      epochs: 5
      learning_rate: 2.1e-07
      log_file: logs.csv
  outs:
  - path: logs
    md5: 59397b97f5e3f184353d9453de11c588.dir
  - path: logs.csv
    md5: 326bbfd432abe5806c7277118e3f5d33
  - path: model.h5
    md5: a9970cfed2c908906ad0a89665cbc9d3
  - path: summary.json
    md5: ef708eb048363d6412a2e0a077cf8171
